<?xml version="1.0" encoding="utf-8"?>
<Project ToolsVersion="4.0" xmlns="http://schemas.microsoft.com/developer/msbuild/2003">
  <ItemGroup>
    <Filter Include="Form Files">
      <UniqueIdentifier>{99349809-55BA-4b9d-BF79-8FDBB0286EB3}</UniqueIdentifier>
      <Extensions>ui</Extensions>
    </Filter>
    <Filter Include="Generated Files">
      <UniqueIdentifier>{71ED8ED8-ACB9-4CE9-BBE1-E00B30144E11}</UniqueIdentifier>
      <Extensions>moc;h;cpp</Extensions>
      <SourceControlFiles>False</SourceControlFiles>
    </Filter>
    <Filter Include="Generated Files\Debug">
      <UniqueIdentifier>{3fb17cc4-f550-430e-bab8-a753d1693789}</UniqueIdentifier>
      <Extensions>cpp;moc</Extensions>
      <SourceControlFiles>False</SourceControlFiles>
    </Filter>
    <Filter Include="Generated Files\Release">
      <UniqueIdentifier>{ac36ff6d-414b-4a61-8720-c3260abf7659}</UniqueIdentifier>
      <Extensions>cpp;moc</Extensions>
      <SourceControlFiles>False</SourceControlFiles>
    </Filter>
    <Filter Include="Resource Files">
      <UniqueIdentifier>{D9D6E242-F8AF-46E4-B9FD-80ECBC20BA3E}</UniqueIdentifier>
      <Extensions>qrc;*</Extensions>
      <ParseFiles>false</ParseFiles>
    </Filter>
  </ItemGroup>
  <ItemGroup>
    <CustomBuild Include="SegmentDialog.h" />
    <CustomBuild Include="SegmentDialog.ui">
      <Filter>Form Files</Filter>
    </CustomBuild>
    <CustomBuild Include="SegSelectRes.qrc">
      <Filter>Resource Files</Filter>
    </CustomBuild>
  </ItemGroup>
  <ItemGroup>
    <ClCompile Include="SegSelect.cpp" />
    <ClCompile Include="GeneratedFiles\Debug\moc_SegmentDialog.cpp">
      <Filter>Generated Files\Debug</Filter>
    </ClCompile>
    <ClCompile Include="GeneratedFiles\Release\moc_SegmentDialog.cpp">
      <Filter>Generated Files\Release</Filter>
    </ClCompile>
    <ClCompile Include="GeneratedFiles\qrc_SegSelectRes.cpp">
      <Filter>Generated Files</Filter>
    </ClCompile>
  </ItemGroup>
  <ItemGroup>
    <ClInclude Include="GeneratedFiles\ui_SegmentDialog.h">
      <Filter>Generated Files</Filter>
    </ClInclude>
    <ClInclude Include="SegSelect.h" />
  </ItemGroup>
  <ItemGroup>
    <Image Include="code_seg.png">
      <Filter>Resource Files</Filter>
    </Image>
    <Image Include="data_seg.png">
      <Filter>Resource Files</Filter>
    </Image>
    <Image Include="extrn_seg.png">
      <Filter>Resource Files</Filter>
    </Image>
    <Image Include="idaq_seg.png">
      <Filter>Resource Files</Filter>
    </Image>
    <Image Include="other_seg.png">
      <Filter>Resource Files</Filter>
    </Image>
  </ItemGroup>
</Project>