
Microsoft Visual Studio Solution File, Format Version 12.00
# Visual Studio Version 16
VisualStudioVersion = 16.0.33214.272
MinimumVisualStudioVersion = 10.0.40219.1
Project("{8BC9CEB8-8B4A-11D0-8D11-00A0C91BC942}") = "Plugin Example", "Plugin Example\Plugin Example.vcxproj", "{4B47C3F8-33A6-4A56-B165-57A636EC0E9A}"
	ProjectSection(ProjectDependencies) = postProject
		{22222222-2222-2222-2222-222222222222} = {22222222-2222-2222-2222-222222222222}
	EndProjectSection
EndProject
Project("{8BC9CEB8-8B4A-11D0-8D11-00A0C91BC942}") = "Library", "Lib\lib.vcxproj", "{22222222-2222-2222-2222-222222222222}"
EndProject
Global
	GlobalSection(SolutionConfigurationPlatforms) = preSolution
		Debug|x64 = Debug|x64
		DebugEA64|x64 = DebugEA64|x64
		MDS Debug|x64 = MDS Debug|x64
		MDS DebugEA64|x64 = MDS DebugEA64|x64
		MDS Release|x64 = MDS Release|x64
		MSD ReleaseEA64|x64 = MSD ReleaseEA64|x64
		Release|x64 = Release|x64
		ReleaseEA64|x64 = ReleaseEA64|x64
	EndGlobalSection
	GlobalSection(ProjectConfigurationPlatforms) = postSolution
		{4B47C3F8-33A6-4A56-B165-57A636EC0E9A}.Debug|x64.ActiveCfg = Debug|x64
		{4B47C3F8-33A6-4A56-B165-57A636EC0E9A}.DebugEA64|x64.ActiveCfg = DebugEA64|x64
		{4B47C3F8-33A6-4A56-B165-57A636EC0E9A}.MDS Debug|x64.ActiveCfg = MDS Debug|x64
		{4B47C3F8-33A6-4A56-B165-57A636EC0E9A}.MDS DebugEA64|x64.ActiveCfg = MDS DebugEA64|x64
		{4B47C3F8-33A6-4A56-B165-57A636EC0E9A}.MDS Release|x64.ActiveCfg = MDS Release|x64
		{4B47C3F8-33A6-4A56-B165-57A636EC0E9A}.MSD ReleaseEA64|x64.ActiveCfg = MSD ReleaseEA64|x64
		{4B47C3F8-33A6-4A56-B165-57A636EC0E9A}.Release|x64.ActiveCfg = MDS Release|x64
		{4B47C3F8-33A6-4A56-B165-57A636EC0E9A}.ReleaseEA64|x64.ActiveCfg = ReleaseEA64|x64
		{22222222-2222-2222-2222-222222222222}.Debug|x64.ActiveCfg = Debug|x64
		{22222222-2222-2222-2222-222222222222}.Debug|x64.Build.0 = Debug|x64
		{22222222-2222-2222-2222-222222222222}.DebugEA64|x64.ActiveCfg = DebugEA64|x64
		{22222222-2222-2222-2222-222222222222}.DebugEA64|x64.Build.0 = DebugEA64|x64
		{22222222-2222-2222-2222-222222222222}.MDS Debug|x64.ActiveCfg = MDS Debug|x64
		{22222222-2222-2222-2222-222222222222}.MDS Debug|x64.Build.0 = MDS Debug|x64
		{22222222-2222-2222-2222-222222222222}.MDS DebugEA64|x64.ActiveCfg = MDS DebugEA64|x64
		{22222222-2222-2222-2222-222222222222}.MDS DebugEA64|x64.Build.0 = MDS DebugEA64|x64
		{22222222-2222-2222-2222-222222222222}.MDS Release|x64.ActiveCfg = MDS Release|x64
		{22222222-2222-2222-2222-222222222222}.MDS Release|x64.Build.0 = MDS Release|x64
		{22222222-2222-2222-2222-222222222222}.MSD ReleaseEA64|x64.ActiveCfg = MSD ReleaseEA64|x64
		{22222222-2222-2222-2222-222222222222}.Release|x64.ActiveCfg = Release|x64
		{22222222-2222-2222-2222-222222222222}.ReleaseEA64|x64.ActiveCfg = ReleaseEA64|x64
		{22222222-2222-2222-2222-222222222222}.ReleaseEA64|x64.Build.0 = ReleaseEA64|x64
	EndGlobalSection
	GlobalSection(SolutionProperties) = preSolution
		HideSolutionNode = FALSE
	EndGlobalSection
	GlobalSection(ExtensibilityGlobals) = postSolution
		SolutionGuid = {91BC338E-D142-439E-A147-6405D544AE71}
		Qt5Version = 5.6.0
	EndGlobalSection
EndGlobal
